Microsoft Visual Studio Solution File, Format Version 12.00
# Visual Studio Version 17
VisualStudioVersion = 17.5.2.0
MinimumVisualStudioVersion = 10.0.40219.1
Project("{FAE04EC0-301F-11D3-BF4B-00C04F79EFBC}") = "panaszkezelo-api", "panaszkezelo-api.csproj", "{22ADF6D4-35AE-4BCC-523B-4994D388E347}"
EndProject
Global
	GlobalSection(SolutionConfigurationPlatforms) = preSolution
		Debug|Any CPU = Debug|Any CPU
		Release|Any CPU = Release|Any CPU
	EndGlobalSection
	GlobalSection(ProjectConfigurationPlatforms) = postSolution
		{22ADF6D4-35AE-4BCC-523B-4994D388E347}.Debug|Any CPU.ActiveCfg = Debug|Any CPU
		{22ADF6D4-35AE-4BCC-523B-4994D388E347}.Debug|Any CPU.Build.0 = Debug|Any CPU
		{22ADF6D4-35AE-4BCC-523B-4994D388E347}.Release|Any CPU.ActiveCfg = Release|Any CPU
		{22ADF6D4-35AE-4BCC-523B-4994D388E347}.Release|Any CPU.Build.0 = Release|Any CPU
	EndGlobalSection
	GlobalSection(SolutionProperties) = preSolution
		HideSolutionNode = FALSE
	EndGlobalSection
	GlobalSection(ExtensibilityGlobals) = postSolution
		SolutionGuid = {10CE33C7-1B99-4614-B8FE-BA0789FB6400}
	EndGlobalSection
EndGlobal
