Microsoft Visual Studio Solution File, Format Version 12.00
# Visual Studio Version 17
VisualStudioVersion = 17.5.2.0
MinimumVisualStudioVersion = 10.0.40219.1
Project("{FAE04EC0-301F-11D3-BF4B-00C04F79EFBC}") = "identity-api", "identity-api.csproj", "{8A46BC31-87DD-9AC3-6ADB-E41657D3F82E}"
EndProject
Global
	GlobalSection(SolutionConfigurationPlatforms) = preSolution
		Debug|Any CPU = Debug|Any CPU
		Release|Any CPU = Release|Any CPU
	EndGlobalSection
	GlobalSection(ProjectConfigurationPlatforms) = postSolution
		{8A46BC31-87DD-9AC3-6ADB-E41657D3F82E}.Debug|Any CPU.ActiveCfg = Debug|Any CPU
		{8A46BC31-87DD-9AC3-6ADB-E41657D3F82E}.Debug|Any CPU.Build.0 = Debug|Any CPU
		{8A46BC31-87DD-9AC3-6ADB-E41657D3F82E}.Release|Any CPU.ActiveCfg = Release|Any CPU
		{8A46BC31-87DD-9AC3-6ADB-E41657D3F82E}.Release|Any CPU.Build.0 = Release|Any CPU
	EndGlobalSection
	GlobalSection(SolutionProperties) = preSolution
		HideSolutionNode = FALSE
	EndGlobalSection
	GlobalSection(ExtensibilityGlobals) = postSolution
		SolutionGuid = {302DAA3E-DC27-4417-A8E8-3C3B5082516E}
	EndGlobalSection
EndGlobal
